// !$*UTF8*$!
{
	archiveVersion = 1;
	classes = {
	};
	objectVersion = 50;
	objects = {

/* Begin PBXBuildFile section */
		7891752D27E6E2E900CEB8C6 /* DropitViewController.m in Sources */ = {isa = PBXBuildFile; fileRef = 7891752C27E6E2E900CEB8C6 /* DropitViewController.m */; };
		E26641E025E2769C00AC4150 /* HappinessViewController.m in Sources */ = {isa = PBXBuildFile; fileRef = E26641D625E2769C00AC4150 /* HappinessViewController.m */; };
		E26641E525E2769C00AC4150 /* FaceView.m in Sources */ = {isa = PBXBuildFile; fileRef = E26641DC25E2769C00AC4150 /* FaceView.m */; };
		E266425225E2F1DF00AC4150 /* AskerViewController.m in Sources */ = {isa = PBXBuildFile; fileRef = E266424825E2F1DF00AC4150 /* AskerViewController.m */; };
		E266425325E2F1DF00AC4150 /* LabelMoverViewController.m in Sources */ = {isa = PBXBuildFile; fileRef = E266424925E2F1DF00AC4150 /* LabelMoverViewController.m */; };
		E266425425E2F1DF00AC4150 /* AskerViewController.xib in Resources */ = {isa = PBXBuildFile; fileRef = E266424B25E2F1DF00AC4150 /* AskerViewController.xib */; };
		E2BC98D925B5C9A7005B5C48 /* CalculatorBrain.m in Sources */ = {isa = PBXBuildFile; fileRef = E2BC98D025B5C9A7005B5C48 /* CalculatorBrain.m */; };
		E2BC98DA25B5C9A7005B5C48 /* CalculatorViewController.m in Sources */ = {isa = PBXBuildFile; fileRef = E2BC98D225B5C9A7005B5C48 /* CalculatorViewController.m */; };
		E2BC98ED25B5E59E005B5C48 /* AttributorViewController.m in Sources */ = {isa = PBXBuildFile; fileRef = E2BC98E225B5E59E005B5C48 /* AttributorViewController.m */; };
		E2BC98F225B5E59E005B5C48 /* TextStatsViewController.m in Sources */ = {isa = PBXBuildFile; fileRef = E2BC98EA25B5E59E005B5C48 /* TextStatsViewController.m */; };
		E2BC990325B5EA75005B5C48 /* Assets.xcassets in Resources */ = {isa = PBXBuildFile; fileRef = E2BC98F425B5EA74005B5C48 /* Assets.xcassets */; };
		E2BC990625B5EA75005B5C48 /* Card.m in Sources */ = {isa = PBXBuildFile; fileRef = E2BC98FA25B5EA74005B5C48 /* Card.m */; };
		E2BC990825B5EA75005B5C48 /* CardGameViewController.m in Sources */ = {isa = PBXBuildFile; fileRef = E2BC98FE25B5EA74005B5C48 /* CardGameViewController.m */; };
		E2BC990925B5EA75005B5C48 /* Deck.m in Sources */ = {isa = PBXBuildFile; fileRef = E2BC990025B5EA74005B5C48 /* Deck.m */; };
		E2BC993525B5ECC8005B5C48 /* BezierPathView.m in Sources */ = {isa = PBXBuildFile; fileRef = E2BC992925B5ECC8005B5C48 /* BezierPathView.m */; };
		E2BC993725B5ECC8005B5C48 /* DropitBehavior.m in Sources */ = {isa = PBXBuildFile; fileRef = E2BC992D25B5ECC8005B5C48 /* DropitBehavior.m */; };
		E2BC994D25B5ED91005B5C48 /* ImageViewController.m in Sources */ = {isa = PBXBuildFile; fileRef = E2BC994425B5ED91005B5C48 /* ImageViewController.m */; };
		E2BC995025B5ED91005B5C48 /* ImaginariumViewController.m in Sources */ = {isa = PBXBuildFile; fileRef = E2BC994825B5ED91005B5C48 /* ImaginariumViewController.m */; };
		E2BC996025B5F068005B5C48 /* Assets.xcassets in Resources */ = {isa = PBXBuildFile; fileRef = E2BC995425B5F068005B5C48 /* Assets.xcassets */; };
		E2BC996525B5F068005B5C48 /* PlayingCardView.m in Sources */ = {isa = PBXBuildFile; fileRef = E2BC995C25B5F068005B5C48 /* PlayingCardView.m */; };
		E2BC996625B5F068005B5C48 /* SuperCardViewController.m in Sources */ = {isa = PBXBuildFile; fileRef = E2BC995E25B5F068005B5C48 /* SuperCardViewController.m */; };
		E2F174BE259366C50084C581 /* AppDelegate.m in Sources */ = {isa = PBXBuildFile; fileRef = E2F174BD259366C50084C581 /* AppDelegate.m */; };
		E2F174C1259366C50084C581 /* ViewController.m in Sources */ = {isa = PBXBuildFile; fileRef = E2F174C0259366C50084C581 /* ViewController.m */; };
		E2F174C4259366C50084C581 /* Main.storyboard in Resources */ = {isa = PBXBuildFile; fileRef = E2F174C2259366C50084C581 /* Main.storyboard */; };
		E2F174C9259366C80084C581 /* LaunchScreen.storyboard in Resources */ = {isa = PBXBuildFile; fileRef = E2F174C7259366C80084C581 /* LaunchScreen.storyboard */; };
		E2F174CC259366C80084C581 /* main.m in Sources */ = {isa = PBXBuildFile; fileRef = E2F174CB259366C80084C581 /* main.m */; };
/* End PBXBuildFile section */

/* Begin PBXFileReference section */
		7891752A27E6E27D00CEB8C6 /* LabelMoverViewController.h */ = {isa = PBXFileReference; fileEncoding = 4; lastKnownFileType = sourcecode.c.h; path = LabelMoverViewController.h; sourceTree = "<group>"; };
		7891752B27E6E2E900CEB8C6 /* DropitViewController.h */ = {isa = PBXFileReference; fileEncoding = 4; lastKnownFileType = sourcecode.c.h; path = DropitViewController.h; sourceTree = "<group>"; };
		7891752C27E6E2E900CEB8C6 /* DropitViewController.m */ = {isa = PBXFileReference; fileEncoding = 4; lastKnownFileType = sourcecode.c.objc; path = DropitViewController.m; sourceTree = "<group>"; };
		E26641D525E2769C00AC4150 /* FaceView.h */ = {isa = PBXFileReference; fileEncoding = 4; lastKnownFileType = sourcecode.c.h; path = FaceView.h; sourceTree = "<group>"; };
		E26641D625E2769C00AC4150 /* HappinessViewController.m */ = {isa = PBXFileReference; fileEncoding = 4; lastKnownFileType = sourcecode.c.objc; path = HappinessViewController.m; sourceTree = "<group>"; };
		E26641DC25E2769C00AC4150 /* FaceView.m */ = {isa = PBXFileReference; fileEncoding = 4; lastKnownFileType = sourcecode.c.objc; path = FaceView.m; sourceTree = "<group>"; };
		E26641DD25E2769C00AC4150 /* HappinessViewController.h */ = {isa = PBXFileReference; fileEncoding = 4; lastKnownFileType = sourcecode.c.h; path = HappinessViewController.h; sourceTree = "<group>"; };
		E266424825E2F1DF00AC4150 /* AskerViewController.m */ = {isa = PBXFileReference; fileEncoding = 4; lastKnownFileType = sourcecode.c.objc; path = AskerViewController.m; sourceTree = "<group>"; };
		E266424925E2F1DF00AC4150 /* LabelMoverViewController.m */ = {isa = PBXFileReference; fileEncoding = 4; lastKnownFileType = sourcecode.c.objc; path = LabelMoverViewController.m; sourceTree = "<group>"; };
		E266424B25E2F1DF00AC4150 /* AskerViewController.xib */ = {isa = PBXFileReference; fileEncoding = 4; lastKnownFileType = file.xib; path = AskerViewController.xib; sourceTree = "<group>"; };
		E266424F25E2F1DF00AC4150 /* AskerViewController.h */ = {isa = PBXFileReference; fileEncoding = 4; lastKnownFileType = sourcecode.c.h; path = AskerViewController.h; sourceTree = "<group>"; };
		E2BC98CF25B5C9A7005B5C48 /* CalculatorBrain.h */ = {isa = PBXFileReference; fileEncoding = 4; lastKnownFileType = sourcecode.c.h; path = CalculatorBrain.h; sourceTree = "<group>"; };
		E2BC98D025B5C9A7005B5C48 /* CalculatorBrain.m */ = {isa = PBXFileReference; fileEncoding = 4; lastKnownFileType = sourcecode.c.objc; path = CalculatorBrain.m; sourceTree = "<group>"; };
		E2BC98D125B5C9A7005B5C48 /* CalculatorViewController.h */ = {isa = PBXFileReference; fileEncoding = 4; lastKnownFileType = sourcecode.c.h; path = CalculatorViewController.h; sourceTree = "<group>"; };
		E2BC98D225B5C9A7005B5C48 /* CalculatorViewController.m */ = {isa = PBXFileReference; fileEncoding = 4; lastKnownFileType = sourcecode.c.objc; path = CalculatorViewController.m; sourceTree = "<group>"; };
		E2BC98E125B5E59E005B5C48 /* AttributorViewController.h */ = {isa = PBXFileReference; fileEncoding = 4; lastKnownFileType = sourcecode.c.h; path = AttributorViewController.h; sourceTree = "<group>"; };
		E2BC98E225B5E59E005B5C48 /* AttributorViewController.m */ = {isa = PBXFileReference; fileEncoding = 4; lastKnownFileType = sourcecode.c.objc; path = AttributorViewController.m; sourceTree = "<group>"; };
		E2BC98E925B5E59E005B5C48 /* TextStatsViewController.h */ = {isa = PBXFileReference; fileEncoding = 4; lastKnownFileType = sourcecode.c.h; path = TextStatsViewController.h; sourceTree = "<group>"; };
		E2BC98EA25B5E59E005B5C48 /* TextStatsViewController.m */ = {isa = PBXFileReference; fileEncoding = 4; lastKnownFileType = sourcecode.c.objc; path = TextStatsViewController.m; sourceTree = "<group>"; };
		E2BC98F425B5EA74005B5C48 /* Assets.xcassets */ = {isa = PBXFileReference; lastKnownFileType = folder.assetcatalog; path = Assets.xcassets; sourceTree = "<group>"; };
		E2BC98F925B5EA74005B5C48 /* Card.h */ = {isa = PBXFileReference; fileEncoding = 4; lastKnownFileType = sourcecode.c.h; path = Card.h; sourceTree = "<group>"; };
		E2BC98FA25B5EA74005B5C48 /* Card.m */ = {isa = PBXFileReference; fileEncoding = 4; lastKnownFileType = sourcecode.c.objc; path = Card.m; sourceTree = "<group>"; };
		E2BC98FD25B5EA74005B5C48 /* CardGameViewController.h */ = {isa = PBXFileReference; fileEncoding = 4; lastKnownFileType = sourcecode.c.h; path = CardGameViewController.h; sourceTree = "<group>"; };
		E2BC98FE25B5EA74005B5C48 /* CardGameViewController.m */ = {isa = PBXFileReference; fileEncoding = 4; lastKnownFileType = sourcecode.c.objc; path = CardGameViewController.m; sourceTree = "<group>"; };
		E2BC98FF25B5EA74005B5C48 /* Deck.h */ = {isa = PBXFileReference; fileEncoding = 4; lastKnownFileType = sourcecode.c.h; path = Deck.h; sourceTree = "<group>"; };
		E2BC990025B5EA74005B5C48 /* Deck.m */ = {isa = PBXFileReference; fileEncoding = 4; lastKnownFileType = sourcecode.c.objc; path = Deck.m; sourceTree = "<group>"; };
		E2BC992825B5ECC8005B5C48 /* BezierPathView.h */ = {isa = PBXFileReference; fileEncoding = 4; lastKnownFileType = sourcecode.c.h; path = BezierPathView.h; sourceTree = "<group>"; };
		E2BC992925B5ECC8005B5C48 /* BezierPathView.m */ = {isa = PBXFileReference; fileEncoding = 4; lastKnownFileType = sourcecode.c.objc; path = BezierPathView.m; sourceTree = "<group>"; };
		E2BC992C25B5ECC8005B5C48 /* DropitBehavior.h */ = {isa = PBXFileReference; fileEncoding = 4; lastKnownFileType = sourcecode.c.h; path = DropitBehavior.h; sourceTree = "<group>"; };
		E2BC992D25B5ECC8005B5C48 /* DropitBehavior.m */ = {isa = PBXFileReference; fileEncoding = 4; lastKnownFileType = sourcecode.c.objc; path = DropitBehavior.m; sourceTree = "<group>"; };
		E2BC994325B5ED91005B5C48 /* ImageViewController.h */ = {isa = PBXFileReference; fileEncoding = 4; lastKnownFileType = sourcecode.c.h; path = ImageViewController.h; sourceTree = "<group>"; };
		E2BC994425B5ED91005B5C48 /* ImageViewController.m */ = {isa = PBXFileReference; fileEncoding = 4; lastKnownFileType = sourcecode.c.objc; path = ImageViewController.m; sourceTree = "<group>"; };
		E2BC994725B5ED91005B5C48 /* ImaginariumViewController.h */ = {isa = PBXFileReference; fileEncoding = 4; lastKnownFileType = sourcecode.c.h; path = ImaginariumViewController.h; sourceTree = "<group>"; };
		E2BC994825B5ED91005B5C48 /* ImaginariumViewController.m */ = {isa = PBXFileReference; fileEncoding = 4; lastKnownFileType = sourcecode.c.objc; path = ImaginariumViewController.m; sourceTree = "<group>"; };
		E2BC995425B5F068005B5C48 /* Assets.xcassets */ = {isa = PBXFileReference; lastKnownFileType = folder.assetcatalog; path = Assets.xcassets; sourceTree = "<group>"; };
		E2BC995B25B5F068005B5C48 /* PlayingCardView.h */ = {isa = PBXFileReference; fileEncoding = 4; lastKnownFileType = sourcecode.c.h; path = PlayingCardView.h; sourceTree = "<group>"; };
		E2BC995C25B5F068005B5C48 /* PlayingCardView.m */ = {isa = PBXFileReference; fileEncoding = 4; lastKnownFileType = sourcecode.c.objc; path = PlayingCardView.m; sourceTree = "<group>"; };
		E2BC995D25B5F068005B5C48 /* SuperCardViewController.h */ = {isa = PBXFileReference; fileEncoding = 4; lastKnownFileType = sourcecode.c.h; path = SuperCardViewController.h; sourceTree = "<group>"; };
		E2BC995E25B5F068005B5C48 /* SuperCardViewController.m */ = {isa = PBXFileReference; fileEncoding = 4; lastKnownFileType = sourcecode.c.objc; path = SuperCardViewController.m; sourceTree = "<group>"; };
		E2F174B9259366C50084C581 /* HelloWorld.app */ = {isa = PBXFileReference; explicitFileType = wrapper.application; includeInIndex = 0; path = HelloWorld.app; sourceTree = BUILT_PRODUCTS_DIR; };
		E2F174BC259366C50084C581 /* AppDelegate.h */ = {isa = PBXFileReference; lastKnownFileType = sourcecode.c.h; path = AppDelegate.h; sourceTree = "<group>"; };
		E2F174BD259366C50084C581 /* AppDelegate.m */ = {isa = PBXFileReference; lastKnownFileType = sourcecode.c.objc; path = AppDelegate.m; sourceTree = "<group>"; };
		E2F174BF259366C50084C581 /* ViewController.h */ = {isa = PBXFileReference; lastKnownFileType = sourcecode.c.h; path = ViewController.h; sourceTree = "<group>"; };
		E2F174C0259366C50084C581 /* ViewController.m */ = {isa = PBXFileReference; lastKnownFileType = sourcecode.c.objc; path = ViewController.m; sourceTree = "<group>"; };
		E2F174C3259366C50084C581 /* Base */ = {isa = PBXFileReference; lastKnownFileType = file.storyboard; name = Base; path = Base.lproj/Main.storyboard; sourceTree = "<group>"; };
		E2F174C8259366C80084C581 /* Base */ = {isa = PBXFileReference; lastKnownFileType = file.storyboard; name = Base; path = Base.lproj/LaunchScreen.storyboard; sourceTree = "<group>"; };
		E2F174CA259366C80084C581 /* Info.plist */ = {isa = PBXFileReference; lastKnownFileType = text.plist.xml; path = Info.plist; sourceTree = "<group>"; };
		E2F174CB259366C80084C581 /* main.m */ = {isa = PBXFileReference; lastKnownFileType = sourcecode.c.objc; path = main.m; sourceTree = "<group>"; };
/* End PBXFileReference section */

/* Begin PBXFrameworksBuildPhase section */
		E2F174B6259366C50084C581 /* Frameworks */ = {
			isa = PBXFrameworksBuildPhase;
			buildActionMask = 2147483647;
			files = (
			);
			runOnlyForDeploymentPostprocessing = 0;
		};
/* End PBXFrameworksBuildPhase section */

/* Begin PBXGroup section */
		E26641D425E2769C00AC4150 /* Happiness */ = {
			isa = PBXGroup;
			children = (
				E26641D525E2769C00AC4150 /* FaceView.h */,
				E26641DC25E2769C00AC4150 /* FaceView.m */,
				E26641DD25E2769C00AC4150 /* HappinessViewController.h */,
				E26641D625E2769C00AC4150 /* HappinessViewController.m */,
			);
			path = Happiness;
			sourceTree = "<group>";
		};
		E266424725E2F1DF00AC4150 /* LabelMover */ = {
			isa = PBXGroup;
			children = (
				E266424825E2F1DF00AC4150 /* AskerViewController.m */,
				E266424925E2F1DF00AC4150 /* LabelMoverViewController.m */,
				7891752A27E6E27D00CEB8C6 /* LabelMoverViewController.h */,
				E266424B25E2F1DF00AC4150 /* AskerViewController.xib */,
				E266424F25E2F1DF00AC4150 /* AskerViewController.h */,
			);
			path = LabelMover;
			sourceTree = "<group>";
		};
		E2BC98C725B5C9A7005B5C48 /* Calculator */ = {
			isa = PBXGroup;
			children = (
				E2BC98CF25B5C9A7005B5C48 /* CalculatorBrain.h */,
				E2BC98D025B5C9A7005B5C48 /* CalculatorBrain.m */,
				E2BC98D125B5C9A7005B5C48 /* CalculatorViewController.h */,
				E2BC98D225B5C9A7005B5C48 /* CalculatorViewController.m */,
			);
			path = Calculator;
			sourceTree = "<group>";
		};
		E2BC98DD25B5E59E005B5C48 /* Attributor */ = {
			isa = PBXGroup;
			children = (
				E2BC98E125B5E59E005B5C48 /* AttributorViewController.h */,
				E2BC98E225B5E59E005B5C48 /* AttributorViewController.m */,
				E2BC98E925B5E59E005B5C48 /* TextStatsViewController.h */,
				E2BC98EA25B5E59E005B5C48 /* TextStatsViewController.m */,
			);
			path = Attributor;
			sourceTree = "<group>";
		};
		E2BC98F325B5EA74005B5C48 /* Matchismo */ = {
			isa = PBXGroup;
			children = (
				E2BC98F425B5EA74005B5C48 /* Assets.xcassets */,
				E2BC98F925B5EA74005B5C48 /* Card.h */,
				E2BC98FA25B5EA74005B5C48 /* Card.m */,
				E2BC98FD25B5EA74005B5C48 /* CardGameViewController.h */,
				E2BC98FE25B5EA74005B5C48 /* CardGameViewController.m */,
				E2BC98FF25B5EA74005B5C48 /* Deck.h */,
				E2BC990025B5EA74005B5C48 /* Deck.m */,
			);
			path = Matchismo;
			sourceTree = "<group>";
		};
		E2BC992225B5ECC8005B5C48 /* Dropit */ = {
			isa = PBXGroup;
			children = (
				7891752B27E6E2E900CEB8C6 /* DropitViewController.h */,
				7891752C27E6E2E900CEB8C6 /* DropitViewController.m */,
				E2BC992825B5ECC8005B5C48 /* BezierPathView.h */,
				E2BC992925B5ECC8005B5C48 /* BezierPathView.m */,
				E2BC992C25B5ECC8005B5C48 /* DropitBehavior.h */,
				E2BC992D25B5ECC8005B5C48 /* DropitBehavior.m */,
			);
			path = Dropit;
			sourceTree = "<group>";
		};
		E2BC993B25B5ED91005B5C48 /* Imaginarium */ = {
			isa = PBXGroup;
			children = (
				E2BC994325B5ED91005B5C48 /* ImageViewController.h */,
				E2BC994425B5ED91005B5C48 /* ImageViewController.m */,
				E2BC994725B5ED91005B5C48 /* ImaginariumViewController.h */,
				E2BC994825B5ED91005B5C48 /* ImaginariumViewController.m */,
			);
			path = Imaginarium;
			sourceTree = "<group>";
		};
		E2BC995125B5F068005B5C48 /* SuperCard */ = {
			isa = PBXGroup;
			children = (
				E2BC995425B5F068005B5C48 /* Assets.xcassets */,
				E2BC995B25B5F068005B5C48 /* PlayingCardView.h */,
				E2BC995C25B5F068005B5C48 /* PlayingCardView.m */,
				E2BC995D25B5F068005B5C48 /* SuperCardViewController.h */,
				E2BC995E25B5F068005B5C48 /* SuperCardViewController.m */,
			);
			path = SuperCard;
			sourceTree = "<group>";
		};
		E2F174B0259366C50084C581 = {
			isa = PBXGroup;
			children = (
				E266424725E2F1DF00AC4150 /* LabelMover */,
				E26641D425E2769C00AC4150 /* Happiness */,
				E2BC995125B5F068005B5C48 /* SuperCard */,
				E2BC993B25B5ED91005B5C48 /* Imaginarium */,
				E2BC992225B5ECC8005B5C48 /* Dropit */,
				E2BC98F325B5EA74005B5C48 /* Matchismo */,
				E2BC98DD25B5E59E005B5C48 /* Attributor */,
				E2BC98C725B5C9A7005B5C48 /* Calculator */,
				E2F174BB259366C50084C581 /* HelloWorld */,
				E2F174BA259366C50084C581 /* Products */,
			);
			sourceTree = "<group>";
		};
		E2F174BA259366C50084C581 /* Products */ = {
			isa = PBXGroup;
			children = (
				E2F174B9259366C50084C581 /* HelloWorld.app */,
			);
			name = Products;
			sourceTree = "<group>";
		};
		E2F174BB259366C50084C581 /* HelloWorld */ = {
			isa = PBXGroup;
			children = (
				E2F174BC259366C50084C581 /* AppDelegate.h */,
				E2F174BD259366C50084C581 /* AppDelegate.m */,
				E2F174BF259366C50084C581 /* ViewController.h */,
				E2F174C0259366C50084C581 /* ViewController.m */,
				E2F174C2259366C50084C581 /* Main.storyboard */,
				E2F174C7259366C80084C581 /* LaunchScreen.storyboard */,
				E2F174CA259366C80084C581 /* Info.plist */,
				E2F174CB259366C80084C581 /* main.m */,
			);
			path = HelloWorld;
			sourceTree = "<group>";
		};
/* End PBXGroup section */

/* Begin PBXNativeTarget section */
		E2F174B8259366C50084C581 /* HelloWorld */ = {
			isa = PBXNativeTarget;
			buildConfigurationList = E2F174CF259366C80084C581 /* Build configuration list for PBXNativeTarget "HelloWorld" */;
			buildPhases = (
				E2F174B5259366C50084C581 /* Sources */,
				E2F174B6259366C50084C581 /* Frameworks */,
				E2F174B7259366C50084C581 /* Resources */,
			);
			buildRules = (
			);
			dependencies = (
			);
			name = HelloWorld;
			productName = HelloWorld;
			productReference = E2F174B9259366C50084C581 /* HelloWorld.app */;
			productType = "com.apple.product-type.application";
		};
/* End PBXNativeTarget section */

/* Begin PBXProject section */
		E2F174B1259366C50084C581 /* Project object */ = {
			isa = PBXProject;
			attributes = {
				LastUpgradeCheck = 1020;
				ORGANIZATIONNAME = robot;
				TargetAttributes = {
					E2F174B8259366C50084C581 = {
						CreatedOnToolsVersion = 10.2;
					};
				};
			};
			buildConfigurationList = E2F174B4259366C50084C581 /* Build configuration list for PBXProject "HelloWorld" */;
			compatibilityVersion = "Xcode 9.3";
			developmentRegion = en;
			hasScannedForEncodings = 0;
			knownRegions = (
				en,
				Base,
			);
			mainGroup = E2F174B0259366C50084C581;
			productRefGroup = E2F174BA259366C50084C581 /* Products */;
			projectDirPath = "";
			projectRoot = "";
			targets = (
				E2F174B8259366C50084C581 /* HelloWorld */,
			);
		};
/* End PBXProject section */

/* Begin PBXResourcesBuildPhase section */
		E2F174B7259366C50084C581 /* Resources */ = {
			isa = PBXResourcesBuildPhase;
			buildActionMask = 2147483647;
			files = (
				E2F174C9259366C80084C581 /* LaunchScreen.storyboard in Resources */,
				E266425425E2F1DF00AC4150 /* AskerViewController.xib in Resources */,
				E2BC990325B5EA75005B5C48 /* Assets.xcassets in Resources */,
				E2F174C4259366C50084C581 /* Main.storyboard in Resources */,
				E2BC996025B5F068005B5C48 /* Assets.xcassets in Resources */,
			);
			runOnlyForDeploymentPostprocessing = 0;
		};
/* End PBXResourcesBuildPhase section */

/* Begin PBXSourcesBuildPhase section */
		E2F174B5259366C50084C581 /* Sources */ = {
			isa = PBXSourcesBuildPhase;
			buildActionMask = 2147483647;
			files = (
				E2BC995025B5ED91005B5C48 /* ImaginariumViewController.m in Sources */,
				E2BC990925B5EA75005B5C48 /* Deck.m in Sources */,
				E266425225E2F1DF00AC4150 /* AskerViewController.m in Sources */,
				E2F174C1259366C50084C581 /* ViewController.m in Sources */,
				E2BC98DA25B5C9A7005B5C48 /* CalculatorViewController.m in Sources */,
				E2F174CC259366C80084C581 /* main.m in Sources */,
				E266425325E2F1DF00AC4150 /* LabelMoverViewController.m in Sources */,
				E2BC98ED25B5E59E005B5C48 /* AttributorViewController.m in Sources */,
				E2BC994D25B5ED91005B5C48 /* ImageViewController.m in Sources */,
				E2BC990625B5EA75005B5C48 /* Card.m in Sources */,
				E2BC98F225B5E59E005B5C48 /* TextStatsViewController.m in Sources */,
				E2BC996525B5F068005B5C48 /* PlayingCardView.m in Sources */,
				E2F174BE259366C50084C581 /* AppDelegate.m in Sources */,
				E26641E025E2769C00AC4150 /* HappinessViewController.m in Sources */,
				E26641E525E2769C00AC4150 /* FaceView.m in Sources */,
				E2BC98D925B5C9A7005B5C48 /* CalculatorBrain.m in Sources */,
				E2BC990825B5EA75005B5C48 /* CardGameViewController.m in Sources */,
				E2BC993725B5ECC8005B5C48 /* DropitBehavior.m in Sources */,
				7891752D27E6E2E900CEB8C6 /* DropitViewController.m in Sources */,
				E2BC996625B5F068005B5C48 /* SuperCardViewController.m in Sources */,
				E2BC993525B5ECC8005B5C48 /* BezierPathView.m in Sources */,
			);
			runOnlyForDeploymentPostprocessing = 0;
		};
/* End PBXSourcesBuildPhase section */

/* Begin PBXVariantGroup section */
		E2F174C2259366C50084C581 /* Main.storyboard */ = {
			isa = PBXVariantGroup;
			children = (
				E2F174C3259366C50084C581 /* Base */,
			);
			name = Main.storyboard;
			sourceTree = "<group>";
		};
		E2F174C7259366C80084C581 /* LaunchScreen.storyboard */ = {
			isa = PBXVariantGroup;
			children = (
				E2F174C8259366C80084C581 /* Base */,
			);
			name = LaunchScreen.storyboard;
			sourceTree = "<group>";
		};
/* End PBXVariantGroup section */

/* Begin XCBuildConfiguration section */
		E2F174CD259366C80084C581 /* Debug */ = {
			isa = XCBuildConfiguration;
			buildSettings = {
				ALWAYS_SEARCH_USER_PATHS = NO;
				CLANG_ANALYZER_NONNULL = YES;
				CLANG_ANALYZER_NUMBER_OBJECT_CONVERSION = YES_AGGRESSIVE;
				CLANG_CXX_LANGUAGE_STANDARD = "gnu++14";
				CLANG_CXX_LIBRARY = "libc++";
				CLANG_ENABLE_MODULES = YES;
				CLANG_ENABLE_OBJC_ARC = YES;
				CLANG_ENABLE_OBJC_WEAK = YES;
				CLANG_WARN_BLOCK_CAPTURE_AUTORELEASING = YES;
				CLANG_WARN_BOOL_CONVERSION = YES;
				CLANG_WARN_COMMA = YES;
				CLANG_WARN_CONSTANT_CONVERSION = YES;
				CLANG_WARN_DEPRECATED_OBJC_IMPLEMENTATIONS = YES;
				CLANG_WARN_DIRECT_OBJC_ISA_USAGE = YES_ERROR;
				CLANG_WARN_DOCUMENTATION_COMMENTS = YES;
				CLANG_WARN_EMPTY_BODY = YES;
				CLANG_WARN_ENUM_CONVERSION = YES;
				CLANG_WARN_INFINITE_RECURSION = YES;
				CLANG_WARN_INT_CONVERSION = YES;
				CLANG_WARN_NON_LITERAL_NULL_CONVERSION = YES;
				CLANG_WARN_OBJC_IMPLICIT_RETAIN_SELF = YES;
				CLANG_WARN_OBJC_LITERAL_CONVERSION = YES;
				CLANG_WARN_OBJC_ROOT_CLASS = YES_ERROR;
				CLANG_WARN_RANGE_LOOP_ANALYSIS = YES;
				CLANG_WARN_STRICT_PROTOTYPES = YES;
				CLANG_WARN_SUSPICIOUS_MOVE = YES;
				CLANG_WARN_UNGUARDED_AVAILABILITY = YES_AGGRESSIVE;
				CLANG_WARN_UNREACHABLE_CODE = YES;
				CLANG_WARN__DUPLICATE_METHOD_MATCH = YES;
				CODE_SIGN_IDENTITY = "iPhone Developer";
				COPY_PHASE_STRIP = NO;
				DEBUG_INFORMATION_FORMAT = dwarf;
				ENABLE_STRICT_OBJC_MSGSEND = YES;
				ENABLE_TESTABILITY = YES;
				GCC_C_LANGUAGE_STANDARD = gnu11;
				GCC_DYNAMIC_NO_PIC = NO;
				GCC_NO_COMMON_BLOCKS = YES;
				GCC_OPTIMIZATION_LEVEL = 0;
				GCC_PREPROCESSOR_DEFINITIONS = (
					"DEBUG=1",
					"$(inherited)",
				);
				GCC_WARN_64_TO_32_BIT_CONVERSION = YES;
				GCC_WARN_ABOUT_RETURN_TYPE = YES_ERROR;
				GCC_WARN_UNDECLARED_SELECTOR = YES;
				GCC_WARN_UNINITIALIZED_AUTOS = YES_AGGRESSIVE;
				GCC_WARN_UNUSED_FUNCTION = YES;
				GCC_WARN_UNUSED_VARIABLE = YES;
				IPHONEOS_DEPLOYMENT_TARGET = 12.2;
				MTL_ENABLE_DEBUG_INFO = INCLUDE_SOURCE;
				MTL_FAST_MATH = YES;
				ONLY_ACTIVE_ARCH = YES;
				SDKROOT = iphoneos;
			};
			name = Debug;
		};
		E2F174CE259366C80084C581 /* Release */ = {
			isa = XCBuildConfiguration;
			buildSettings = {
				ALWAYS_SEARCH_USER_PATHS = NO;
				CLANG_ANALYZER_NONNULL = YES;
				CLANG_ANALYZER_NUMBER_OBJECT_CONVERSION = YES_AGGRESSIVE;
				CLANG_CXX_LANGUAGE_STANDARD = "gnu++14";
				CLANG_CXX_LIBRARY = "libc++";
				CLANG_ENABLE_MODULES = YES;
				CLANG_ENABLE_OBJC_ARC = YES;
				CLANG_ENABLE_OBJC_WEAK = YES;
				CLANG_WARN_BLOCK_CAPTURE_AUTORELEASING = YES;
				CLANG_WARN_BOOL_CONVERSION = YES;
				CLANG_WARN_COMMA = YES;
				CLANG_WARN_CONSTANT_CONVERSION = YES;
				CLANG_WARN_DEPRECATED_OBJC_IMPLEMENTATIONS = YES;
				CLANG_WARN_DIRECT_OBJC_ISA_USAGE = YES_ERROR;
				CLANG_WARN_DOCUMENTATION_COMMENTS = YES;
				CLANG_WARN_EMPTY_BODY = YES;
				CLANG_WARN_ENUM_CONVERSION = YES;
				CLANG_WARN_INFINITE_RECURSION = YES;
				CLANG_WARN_INT_CONVERSION = YES;
				CLANG_WARN_NON_LITERAL_NULL_CONVERSION = YES;
				CLANG_WARN_OBJC_IMPLICIT_RETAIN_SELF = YES;
				CLANG_WARN_OBJC_LITERAL_CONVERSION = YES;
				CLANG_WARN_OBJC_ROOT_CLASS = YES_ERROR;
				CLANG_WARN_RANGE_LOOP_ANALYSIS = YES;
				CLANG_WARN_STRICT_PROTOTYPES = YES;
				CLANG_WARN_SUSPICIOUS_MOVE = YES;
				CLANG_WARN_UNGUARDED_AVAILABILITY = YES_AGGRESSIVE;
				CLANG_WARN_UNREACHABLE_CODE = YES;
				CLANG_WARN__DUPLICATE_METHOD_MATCH = YES;
				CODE_SIGN_IDENTITY = "iPhone Developer";
				COPY_PHASE_STRIP = NO;
				DEBUG_INFORMATION_FORMAT = "dwarf-with-dsym";
				ENABLE_NS_ASSERTIONS = NO;
				ENABLE_STRICT_OBJC_MSGSEND = YES;
				GCC_C_LANGUAGE_STANDARD = gnu11;
				GCC_NO_COMMON_BLOCKS = YES;
				GCC_WARN_64_TO_32_BIT_CONVERSION = YES;
				GCC_WARN_ABOUT_RETURN_TYPE = YES_ERROR;
				GCC_WARN_UNDECLARED_SELECTOR = YES;
				GCC_WARN_UNINITIALIZED_AUTOS = YES_AGGRESSIVE;
				GCC_WARN_UNUSED_FUNCTION = YES;
				GCC_WARN_UNUSED_VARIABLE = YES;
				IPHONEOS_DEPLOYMENT_TARGET = 12.2;
				MTL_ENABLE_DEBUG_INFO = NO;
				MTL_FAST_MATH = YES;
				SDKROOT = iphoneos;
				VALIDATE_PRODUCT = YES;
			};
			name = Release;
		};
		E2F174D0259366C80084C581 /* Debug */ = {
			isa = XCBuildConfiguration;
			buildSettings = {
				ASSETCATALOG_COMPILER_APPICON_NAME = AppIcon;
				CODE_SIGN_STYLE = Automatic;
				DEVELOPMENT_TEAM = 3A9CX99HJE;
				INFOPLIST_FILE = HelloWorld/Info.plist;
				IPHONEOS_DEPLOYMENT_TARGET = 9.3;
				LD_RUNPATH_SEARCH_PATHS = (
					"$(inherited)",
					"@executable_path/Frameworks",
				);
				PRODUCT_BUNDLE_IDENTIFIER = com.alimovlex.hello;
				PRODUCT_NAME = "$(TARGET_NAME)";
				TARGETED_DEVICE_FAMILY = 1;
			};
			name = Debug;
		};
		E2F174D1259366C80084C581 /* Release */ = {
			isa = XCBuildConfiguration;
			buildSettings = {
				ASSETCATALOG_COMPILER_APPICON_NAME = AppIcon;
				CODE_SIGN_STYLE = Automatic;
				DEVELOPMENT_TEAM = 3A9CX99HJE;
				INFOPLIST_FILE = HelloWorld/Info.plist;
				IPHONEOS_DEPLOYMENT_TARGET = 9.3;
				LD_RUNPATH_SEARCH_PATHS = (
					"$(inherited)",
					"@executable_path/Frameworks",
				);
				PRODUCT_BUNDLE_IDENTIFIER = com.alimovlex.hello;
				PRODUCT_NAME = "$(TARGET_NAME)";
				TARGETED_DEVICE_FAMILY = 1;
			};
			name = Release;
		};
/* End XCBuildConfiguration section */

/* Begin XCConfigurationList section */
		E2F174B4259366C50084C581 /* Build configuration list for PBXProject "HelloWorld" */ = {
			isa = XCConfigurationList;
			buildConfigurations = (
				E2F174CD259366C80084C581 /* Debug */,
				E2F174CE259366C80084C581 /* Release */,
			);
			defaultConfigurationIsVisible = 0;
			defaultConfigurationName = Release;
		};
		E2F174CF259366C80084C581 /* Build configuration list for PBXNativeTarget "HelloWorld" */ = {
			isa = XCConfigurationList;
			buildConfigurations = (
				E2F174D0259366C80084C581 /* Debug */,
				E2F174D1259366C80084C581 /* Release */,
			);
			defaultConfigurationIsVisible = 0;
			defaultConfigurationName = Release;
		};
/* End XCConfigurationList section */
	};
	rootObject = E2F174B1259366C50084C581 /* Project object */;
}
